
Microsoft Visual Studio Solution File, Format Version 12.00
# Visual Studio 14
VisualStudioVersion = 14.0.25123.0
MinimumVisualStudioVersion = 10.0.40219.1
Project("{FAE04EC0-301F-11D3-BF4B-00C04F79EFBC}") = "TddStore.UnitTests", "TddStore.UnitTests\TddStore.UnitTests.csproj", "{9111FD13-E38B-4583-B7EA-E752BA9D3CD5}"
EndProject
Project("{FAE04EC0-301F-11D3-BF4B-00C04F79EFBC}") = "TddStore.Core", "TddStore.Core\TddStore.Core.csproj", "{ED5A0D6B-1DC7-499E-8517-B78657876B3B}"
EndProject
Global
	GlobalSection(SolutionConfigurationPlatforms) = preSolution
		Debug|Any CPU = Debug|Any CPU
		Release|Any CPU = Release|Any CPU
	EndGlobalSection
	GlobalSection(ProjectConfigurationPlatforms) = postSolution
		{9111FD13-E38B-4583-B7EA-E752BA9D3CD5}.Debug|Any CPU.ActiveCfg = Debug|Any CPU
		{9111FD13-E38B-4583-B7EA-E752BA9D3CD5}.Debug|Any CPU.Build.0 = Debug|Any CPU
		{9111FD13-E38B-4583-B7EA-E752BA9D3CD5}.Release|Any CPU.ActiveCfg = Release|Any CPU
		{9111FD13-E38B-4583-B7EA-E752BA9D3CD5}.Release|Any CPU.Build.0 = Release|Any CPU
		{ED5A0D6B-1DC7-499E-8517-B78657876B3B}.Debug|Any CPU.ActiveCfg = Debug|Any CPU
		{ED5A0D6B-1DC7-499E-8517-B78657876B3B}.Debug|Any CPU.Build.0 = Debug|Any CPU
		{ED5A0D6B-1DC7-499E-8517-B78657876B3B}.Release|Any CPU.ActiveCfg = Release|Any CPU
		{ED5A0D6B-1DC7-499E-8517-B78657876B3B}.Release|Any CPU.Build.0 = Release|Any CPU
	EndGlobalSection
	GlobalSection(SolutionProperties) = preSolution
		HideSolutionNode = FALSE
	EndGlobalSection
EndGlobal
